
Microsoft Visual Studio Solution File, Format Version 12.00
# Visual Studio Version 16
VisualStudioVersion = 16.0.31313.79
MinimumVisualStudioVersion = 10.0.40219.1
Project("{9A19103F-16F7-4668-BE54-9A1E7A4F7556}") = "Instrumenting", "Instrumenting\Instrumenting.csproj", "{4DE50D9B-6B93-4FB1-B3E9-B0D565A5563D}"
EndProject
Project("{2150E333-8FDC-42A3-9474-1A3956D46DE8}") = "Chapter04", "Chapter04", "{88C1B585-C5DE-49EF-8E76-2734D547DD33}"
EndProject
Project("{9A19103F-16F7-4668-BE54-9A1E7A4F7556}") = "CalculatorLib", "CalculatorLib\CalculatorLib.csproj", "{2C499A0A-91A5-4336-8FAC-66E19E461D76}"
EndProject
Project("{9A19103F-16F7-4668-BE54-9A1E7A4F7556}") = "CalculatorLibUnitTests", "CalculatorLibUnitTests\CalculatorLibUnitTests.csproj", "{3F743280-2CD8-482D-9218-7782473E5501}"
EndProject
Project("{2150E333-8FDC-42A3-9474-1A3956D46DE8}") = "Chapter05", "Chapter05", "{C951B048-3BA3-44D4-8CF3-5D152D3F9E82}"
EndProject
Project("{2150E333-8FDC-42A3-9474-1A3956D46DE8}") = "PacktLibrary", "PacktLibrary", "{9CD870DF-70B8-4865-8532-619F2ADDA213}"
EndProject
Project("{9A19103F-16F7-4668-BE54-9A1E7A4F7556}") = "Packt", "Packt\Packt.csproj", "{EAF5D541-15D4-4FDB-929D-27D6D5A386DA}"
EndProject
Project("{2150E333-8FDC-42A3-9474-1A3956D46DE8}") = "PeopleApp", "PeopleApp", "{F9EA1626-5E3C-4BA3-BDED-E29F135A9FB9}"
EndProject
Project("{9A19103F-16F7-4668-BE54-9A1E7A4F7556}") = "PeopleAppConsole", "PeopleAppConsole\PeopleAppConsole.csproj", "{E333B5F2-57BC-4CCE-8A24-F5EA19983DB2}"
EndProject
Project("{2150E333-8FDC-42A3-9474-1A3956D46DE8}") = "Chapter06", "Chapter06", "{33209D1B-1F99-4F5E-BDF1-00CC53CD2F25}"
EndProject
Project("{2150E333-8FDC-42A3-9474-1A3956D46DE8}") = "PacktLibrary", "PacktLibrary", "{97B110DC-FDAD-4328-8E10-06A37FE587A8}"
EndProject
Project("{2150E333-8FDC-42A3-9474-1A3956D46DE8}") = "PeopleApp", "PeopleApp", "{1B21C158-AFE2-40FE-8C4F-3C92E0205B2A}"
EndProject
Project("{9A19103F-16F7-4668-BE54-9A1E7A4F7556}") = "PacktLibrary", "PacktLibrary\PacktLibrary.csproj", "{CD91340A-DC4B-47A5-884C-ECB23A3580B0}"
EndProject
Project("{9A19103F-16F7-4668-BE54-9A1E7A4F7556}") = "PeopleApp6", "PeopleApp6\PeopleApp6.csproj", "{06C86310-0BE1-4100-B9A9-26B027B589BB}"
EndProject
Project("{2150E333-8FDC-42A3-9474-1A3956D46DE8}") = "Chapter07", "Chapter07", "{AD469404-F240-47D3-8C12-21E6D1F749AE}"
EndProject
Project("{2150E333-8FDC-42A3-9474-1A3956D46DE8}") = "AssembliesAndNamespaces", "AssembliesAndNamespaces", "{E5513479-53E5-45EF-B9F7-8932B73CD5FA}"
EndProject
Project("{9A19103F-16F7-4668-BE54-9A1E7A4F7556}") = "AssembliesAndNamespaces", "AssembliesAndNamespaces\AssembliesAndNamespaces.csproj", "{191A8A28-284E-48FB-9FD0-7C2DD905842D}"
EndProject
Project("{2150E333-8FDC-42A3-9474-1A3956D46DE8}") = "SharedLibrary", "SharedLibrary", "{E7DC3F82-C138-4253-9D16-CCB06495DF10}"
EndProject
Project("{9A19103F-16F7-4668-BE54-9A1E7A4F7556}") = "SharedLibrary", "SharedLibrary\SharedLibrary.csproj", "{6820E783-E749-4853-92FF-E2D99C946023}"
EndProject
Project("{9A19103F-16F7-4668-BE54-9A1E7A4F7556}") = "DotNetCoreEverywhere", "DotNetCoreEverywhere\DotNetCoreEverywhere.csproj", "{8EF07AB5-5746-4F75-A266-8DD94ED138E6}"
EndProject
Project("{2150E333-8FDC-42A3-9474-1A3956D46DE8}") = "Chapter08", "Chapter08", "{31045FC8-FBC1-4B86-BF14-521671A1E19C}"
EndProject
Project("{9A19103F-16F7-4668-BE54-9A1E7A4F7556}") = "WorkingWithNumbers", "WorkingWithNumbers\WorkingWithNumbers.csproj", "{BA94F6BE-1A0F-4E75-9EF8-0A22A3DFC7AD}"
EndProject
Project("{9A19103F-16F7-4668-BE54-9A1E7A4F7556}") = "WorkingWithText", "WorkingWithText\WorkingWithText.csproj", "{8312720D-F6B3-4528-BDC9-F9F6CD17CD42}"
EndProject
Project("{9A19103F-16F7-4668-BE54-9A1E7A4F7556}") = "WorkingWithRegularExpressions", "WorkingWithRegularExpressions\WorkingWithRegularExpressions.csproj", "{B91CE870-5FCB-4364-9400-280810641569}"
EndProject
Project("{9A19103F-16F7-4668-BE54-9A1E7A4F7556}") = "WorkingWithLists", "WorkingWithLists\WorkingWithLists.csproj", "{CD8FCA15-6D84-44AB-8BBD-DA789D0C5695}"
EndProject
Project("{9A19103F-16F7-4668-BE54-9A1E7A4F7556}") = "WorkingWithDictionaries", "WorkingWithDictionaries\WorkingWithDictionaries.csproj", "{A29F30A7-BB2D-4158-A02A-9E734ECF4EE2}"
EndProject
Project("{9A19103F-16F7-4668-BE54-9A1E7A4F7556}") = "WorkingWithRanges", "WorkingWithRanges\WorkingWithRanges.csproj", "{7899D25E-5D29-4398-9B61-FF07E0F99B82}"
EndProject
Project("{9A19103F-16F7-4668-BE54-9A1E7A4F7556}") = "WorkingWithNetworkResources", "WorkingWithNetworkResources\WorkingWithNetworkResources.csproj", "{EE5748E3-9184-410E-B7A8-E35E5F7D5284}"
EndProject
Project("{9A19103F-16F7-4668-BE54-9A1E7A4F7556}") = "WorkingWithReflection", "WorkingWithReflection\WorkingWithReflection.csproj", "{3347650D-F90B-4678-83C3-421C5C85950E}"
EndProject
Project("{9A19103F-16F7-4668-BE54-9A1E7A4F7556}") = "Internationalization", "Internationalization\Internationalization.csproj", "{C12D12F7-E2D2-4DA3-BA4E-2B078A5DA4AC}"
EndProject
Project("{2150E333-8FDC-42A3-9474-1A3956D46DE8}") = "Chapter09", "Chapter09", "{E0AAB91B-C6C0-43BD-A9C1-FFC60A6B8300}"
EndProject
Project("{9A19103F-16F7-4668-BE54-9A1E7A4F7556}") = "WorkingWithFileSystems", "WorkingWithFileSystems\WorkingWithFileSystems.csproj", "{6D7C9BA8-243C-4B97-9770-613284851BB1}"
EndProject
Project("{9A19103F-16F7-4668-BE54-9A1E7A4F7556}") = "WorkingWithStreams", "WorkingWithStreams\WorkingWithStreams.csproj", "{E151DCD4-81D8-4B0E-A7B7-CD7371ABAFDF}"
EndProject
Project("{FAE04EC0-301F-11D3-BF4B-00C04F79EFBC}") = "WorkingWithEncodings", "WorkingWithEncodings\WorkingWithEncodings.csproj", "{5116B271-8C9C-48A8-8B2E-796E8C419141}"
EndProject
Project("{FAE04EC0-301F-11D3-BF4B-00C04F79EFBC}") = "WorkingWithSerialization", "WorkingWithSerialization\WorkingWithSerialization.csproj", "{F41B91D6-2463-49FE-9762-73AE5BF2464F}"
EndProject
Global
	GlobalSection(SolutionConfigurationPlatforms) = preSolution
		Debug|Any CPU = Debug|Any CPU
		Release|Any CPU = Release|Any CPU
	EndGlobalSection
	GlobalSection(ProjectConfigurationPlatforms) = postSolution
		{4DE50D9B-6B93-4FB1-B3E9-B0D565A5563D}.Debug|Any CPU.ActiveCfg = Debug|Any CPU
		{4DE50D9B-6B93-4FB1-B3E9-B0D565A5563D}.Debug|Any CPU.Build.0 = Debug|Any CPU
		{4DE50D9B-6B93-4FB1-B3E9-B0D565A5563D}.Release|Any CPU.ActiveCfg = Release|Any CPU
		{4DE50D9B-6B93-4FB1-B3E9-B0D565A5563D}.Release|Any CPU.Build.0 = Release|Any CPU
		{2C499A0A-91A5-4336-8FAC-66E19E461D76}.Debug|Any CPU.ActiveCfg = Debug|Any CPU
		{2C499A0A-91A5-4336-8FAC-66E19E461D76}.Debug|Any CPU.Build.0 = Debug|Any CPU
		{2C499A0A-91A5-4336-8FAC-66E19E461D76}.Release|Any CPU.ActiveCfg = Release|Any CPU
		{2C499A0A-91A5-4336-8FAC-66E19E461D76}.Release|Any CPU.Build.0 = Release|Any CPU
		{3F743280-2CD8-482D-9218-7782473E5501}.Debug|Any CPU.ActiveCfg = Debug|Any CPU
		{3F743280-2CD8-482D-9218-7782473E5501}.Debug|Any CPU.Build.0 = Debug|Any CPU
		{3F743280-2CD8-482D-9218-7782473E5501}.Release|Any CPU.ActiveCfg = Release|Any CPU
		{3F743280-2CD8-482D-9218-7782473E5501}.Release|Any CPU.Build.0 = Release|Any CPU
		{EAF5D541-15D4-4FDB-929D-27D6D5A386DA}.Debug|Any CPU.ActiveCfg = Debug|Any CPU
		{EAF5D541-15D4-4FDB-929D-27D6D5A386DA}.Debug|Any CPU.Build.0 = Debug|Any CPU
		{EAF5D541-15D4-4FDB-929D-27D6D5A386DA}.Release|Any CPU.ActiveCfg = Release|Any CPU
		{EAF5D541-15D4-4FDB-929D-27D6D5A386DA}.Release|Any CPU.Build.0 = Release|Any CPU
		{E333B5F2-57BC-4CCE-8A24-F5EA19983DB2}.Debug|Any CPU.ActiveCfg = Debug|Any CPU
		{E333B5F2-57BC-4CCE-8A24-F5EA19983DB2}.Debug|Any CPU.Build.0 = Debug|Any CPU
		{E333B5F2-57BC-4CCE-8A24-F5EA19983DB2}.Release|Any CPU.ActiveCfg = Release|Any CPU
		{E333B5F2-57BC-4CCE-8A24-F5EA19983DB2}.Release|Any CPU.Build.0 = Release|Any CPU
		{CD91340A-DC4B-47A5-884C-ECB23A3580B0}.Debug|Any CPU.ActiveCfg = Debug|Any CPU
		{CD91340A-DC4B-47A5-884C-ECB23A3580B0}.Debug|Any CPU.Build.0 = Debug|Any CPU
		{CD91340A-DC4B-47A5-884C-ECB23A3580B0}.Release|Any CPU.ActiveCfg = Release|Any CPU
		{CD91340A-DC4B-47A5-884C-ECB23A3580B0}.Release|Any CPU.Build.0 = Release|Any CPU
		{06C86310-0BE1-4100-B9A9-26B027B589BB}.Debug|Any CPU.ActiveCfg = Debug|Any CPU
		{06C86310-0BE1-4100-B9A9-26B027B589BB}.Debug|Any CPU.Build.0 = Debug|Any CPU
		{06C86310-0BE1-4100-B9A9-26B027B589BB}.Release|Any CPU.ActiveCfg = Release|Any CPU
		{06C86310-0BE1-4100-B9A9-26B027B589BB}.Release|Any CPU.Build.0 = Release|Any CPU
		{191A8A28-284E-48FB-9FD0-7C2DD905842D}.Debug|Any CPU.ActiveCfg = Debug|Any CPU
		{191A8A28-284E-48FB-9FD0-7C2DD905842D}.Debug|Any CPU.Build.0 = Debug|Any CPU
		{191A8A28-284E-48FB-9FD0-7C2DD905842D}.Release|Any CPU.ActiveCfg = Release|Any CPU
		{191A8A28-284E-48FB-9FD0-7C2DD905842D}.Release|Any CPU.Build.0 = Release|Any CPU
		{6820E783-E749-4853-92FF-E2D99C946023}.Debug|Any CPU.ActiveCfg = Debug|Any CPU
		{6820E783-E749-4853-92FF-E2D99C946023}.Debug|Any CPU.Build.0 = Debug|Any CPU
		{6820E783-E749-4853-92FF-E2D99C946023}.Release|Any CPU.ActiveCfg = Release|Any CPU
		{6820E783-E749-4853-92FF-E2D99C946023}.Release|Any CPU.Build.0 = Release|Any CPU
		{8EF07AB5-5746-4F75-A266-8DD94ED138E6}.Debug|Any CPU.ActiveCfg = Debug|Any CPU
		{8EF07AB5-5746-4F75-A266-8DD94ED138E6}.Debug|Any CPU.Build.0 = Debug|Any CPU
		{8EF07AB5-5746-4F75-A266-8DD94ED138E6}.Release|Any CPU.ActiveCfg = Release|Any CPU
		{8EF07AB5-5746-4F75-A266-8DD94ED138E6}.Release|Any CPU.Build.0 = Release|Any CPU
		{BA94F6BE-1A0F-4E75-9EF8-0A22A3DFC7AD}.Debug|Any CPU.ActiveCfg = Debug|Any CPU
		{BA94F6BE-1A0F-4E75-9EF8-0A22A3DFC7AD}.Debug|Any CPU.Build.0 = Debug|Any CPU
		{BA94F6BE-1A0F-4E75-9EF8-0A22A3DFC7AD}.Release|Any CPU.ActiveCfg = Release|Any CPU
		{BA94F6BE-1A0F-4E75-9EF8-0A22A3DFC7AD}.Release|Any CPU.Build.0 = Release|Any CPU
		{8312720D-F6B3-4528-BDC9-F9F6CD17CD42}.Debug|Any CPU.ActiveCfg = Debug|Any CPU
		{8312720D-F6B3-4528-BDC9-F9F6CD17CD42}.Debug|Any CPU.Build.0 = Debug|Any CPU
		{8312720D-F6B3-4528-BDC9-F9F6CD17CD42}.Release|Any CPU.ActiveCfg = Release|Any CPU
		{8312720D-F6B3-4528-BDC9-F9F6CD17CD42}.Release|Any CPU.Build.0 = Release|Any CPU
		{B91CE870-5FCB-4364-9400-280810641569}.Debug|Any CPU.ActiveCfg = Debug|Any CPU
		{B91CE870-5FCB-4364-9400-280810641569}.Debug|Any CPU.Build.0 = Debug|Any CPU
		{B91CE870-5FCB-4364-9400-280810641569}.Release|Any CPU.ActiveCfg = Release|Any CPU
		{B91CE870-5FCB-4364-9400-280810641569}.Release|Any CPU.Build.0 = Release|Any CPU
		{CD8FCA15-6D84-44AB-8BBD-DA789D0C5695}.Debug|Any CPU.ActiveCfg = Debug|Any CPU
		{CD8FCA15-6D84-44AB-8BBD-DA789D0C5695}.Debug|Any CPU.Build.0 = Debug|Any CPU
		{CD8FCA15-6D84-44AB-8BBD-DA789D0C5695}.Release|Any CPU.ActiveCfg = Release|Any CPU
		{CD8FCA15-6D84-44AB-8BBD-DA789D0C5695}.Release|Any CPU.Build.0 = Release|Any CPU
		{A29F30A7-BB2D-4158-A02A-9E734ECF4EE2}.Debug|Any CPU.ActiveCfg = Debug|Any CPU
		{A29F30A7-BB2D-4158-A02A-9E734ECF4EE2}.Debug|Any CPU.Build.0 = Debug|Any CPU
		{A29F30A7-BB2D-4158-A02A-9E734ECF4EE2}.Release|Any CPU.ActiveCfg = Release|Any CPU
		{A29F30A7-BB2D-4158-A02A-9E734ECF4EE2}.Release|Any CPU.Build.0 = Release|Any CPU
		{7899D25E-5D29-4398-9B61-FF07E0F99B82}.Debug|Any CPU.ActiveCfg = Debug|Any CPU
		{7899D25E-5D29-4398-9B61-FF07E0F99B82}.Debug|Any CPU.Build.0 = Debug|Any CPU
		{7899D25E-5D29-4398-9B61-FF07E0F99B82}.Release|Any CPU.ActiveCfg = Release|Any CPU
		{7899D25E-5D29-4398-9B61-FF07E0F99B82}.Release|Any CPU.Build.0 = Release|Any CPU
		{EE5748E3-9184-410E-B7A8-E35E5F7D5284}.Debug|Any CPU.ActiveCfg = Debug|Any CPU
		{EE5748E3-9184-410E-B7A8-E35E5F7D5284}.Debug|Any CPU.Build.0 = Debug|Any CPU
		{EE5748E3-9184-410E-B7A8-E35E5F7D5284}.Release|Any CPU.ActiveCfg = Release|Any CPU
		{EE5748E3-9184-410E-B7A8-E35E5F7D5284}.Release|Any CPU.Build.0 = Release|Any CPU
		{3347650D-F90B-4678-83C3-421C5C85950E}.Debug|Any CPU.ActiveCfg = Debug|Any CPU
		{3347650D-F90B-4678-83C3-421C5C85950E}.Debug|Any CPU.Build.0 = Debug|Any CPU
		{3347650D-F90B-4678-83C3-421C5C85950E}.Release|Any CPU.ActiveCfg = Release|Any CPU
		{3347650D-F90B-4678-83C3-421C5C85950E}.Release|Any CPU.Build.0 = Release|Any CPU
		{C12D12F7-E2D2-4DA3-BA4E-2B078A5DA4AC}.Debug|Any CPU.ActiveCfg = Debug|Any CPU
		{C12D12F7-E2D2-4DA3-BA4E-2B078A5DA4AC}.Debug|Any CPU.Build.0 = Debug|Any CPU
		{C12D12F7-E2D2-4DA3-BA4E-2B078A5DA4AC}.Release|Any CPU.ActiveCfg = Release|Any CPU
		{C12D12F7-E2D2-4DA3-BA4E-2B078A5DA4AC}.Release|Any CPU.Build.0 = Release|Any CPU
		{6D7C9BA8-243C-4B97-9770-613284851BB1}.Debug|Any CPU.ActiveCfg = Debug|Any CPU
		{6D7C9BA8-243C-4B97-9770-613284851BB1}.Debug|Any CPU.Build.0 = Debug|Any CPU
		{6D7C9BA8-243C-4B97-9770-613284851BB1}.Release|Any CPU.ActiveCfg = Release|Any CPU
		{6D7C9BA8-243C-4B97-9770-613284851BB1}.Release|Any CPU.Build.0 = Release|Any CPU
		{E151DCD4-81D8-4B0E-A7B7-CD7371ABAFDF}.Debug|Any CPU.ActiveCfg = Debug|Any CPU
		{E151DCD4-81D8-4B0E-A7B7-CD7371ABAFDF}.Debug|Any CPU.Build.0 = Debug|Any CPU
		{E151DCD4-81D8-4B0E-A7B7-CD7371ABAFDF}.Release|Any CPU.ActiveCfg = Release|Any CPU
		{E151DCD4-81D8-4B0E-A7B7-CD7371ABAFDF}.Release|Any CPU.Build.0 = Release|Any CPU
		{5116B271-8C9C-48A8-8B2E-796E8C419141}.Debug|Any CPU.ActiveCfg = Debug|Any CPU
		{5116B271-8C9C-48A8-8B2E-796E8C419141}.Debug|Any CPU.Build.0 = Debug|Any CPU
		{5116B271-8C9C-48A8-8B2E-796E8C419141}.Release|Any CPU.ActiveCfg = Release|Any CPU
		{5116B271-8C9C-48A8-8B2E-796E8C419141}.Release|Any CPU.Build.0 = Release|Any CPU
		{F41B91D6-2463-49FE-9762-73AE5BF2464F}.Debug|Any CPU.ActiveCfg = Debug|Any CPU
		{F41B91D6-2463-49FE-9762-73AE5BF2464F}.Debug|Any CPU.Build.0 = Debug|Any CPU
		{F41B91D6-2463-49FE-9762-73AE5BF2464F}.Release|Any CPU.ActiveCfg = Release|Any CPU
		{F41B91D6-2463-49FE-9762-73AE5BF2464F}.Release|Any CPU.Build.0 = Release|Any CPU
	EndGlobalSection
	GlobalSection(SolutionProperties) = preSolution
		HideSolutionNode = FALSE
	EndGlobalSection
	GlobalSection(NestedProjects) = preSolution
		{4DE50D9B-6B93-4FB1-B3E9-B0D565A5563D} = {88C1B585-C5DE-49EF-8E76-2734D547DD33}
		{2C499A0A-91A5-4336-8FAC-66E19E461D76} = {88C1B585-C5DE-49EF-8E76-2734D547DD33}
		{3F743280-2CD8-482D-9218-7782473E5501} = {88C1B585-C5DE-49EF-8E76-2734D547DD33}
		{9CD870DF-70B8-4865-8532-619F2ADDA213} = {C951B048-3BA3-44D4-8CF3-5D152D3F9E82}
		{EAF5D541-15D4-4FDB-929D-27D6D5A386DA} = {9CD870DF-70B8-4865-8532-619F2ADDA213}
		{F9EA1626-5E3C-4BA3-BDED-E29F135A9FB9} = {C951B048-3BA3-44D4-8CF3-5D152D3F9E82}
		{E333B5F2-57BC-4CCE-8A24-F5EA19983DB2} = {F9EA1626-5E3C-4BA3-BDED-E29F135A9FB9}
		{97B110DC-FDAD-4328-8E10-06A37FE587A8} = {33209D1B-1F99-4F5E-BDF1-00CC53CD2F25}
		{1B21C158-AFE2-40FE-8C4F-3C92E0205B2A} = {33209D1B-1F99-4F5E-BDF1-00CC53CD2F25}
		{CD91340A-DC4B-47A5-884C-ECB23A3580B0} = {97B110DC-FDAD-4328-8E10-06A37FE587A8}
		{06C86310-0BE1-4100-B9A9-26B027B589BB} = {1B21C158-AFE2-40FE-8C4F-3C92E0205B2A}
		{E5513479-53E5-45EF-B9F7-8932B73CD5FA} = {AD469404-F240-47D3-8C12-21E6D1F749AE}
		{191A8A28-284E-48FB-9FD0-7C2DD905842D} = {E5513479-53E5-45EF-B9F7-8932B73CD5FA}
		{E7DC3F82-C138-4253-9D16-CCB06495DF10} = {AD469404-F240-47D3-8C12-21E6D1F749AE}
		{6820E783-E749-4853-92FF-E2D99C946023} = {E7DC3F82-C138-4253-9D16-CCB06495DF10}
		{8EF07AB5-5746-4F75-A266-8DD94ED138E6} = {AD469404-F240-47D3-8C12-21E6D1F749AE}
		{BA94F6BE-1A0F-4E75-9EF8-0A22A3DFC7AD} = {31045FC8-FBC1-4B86-BF14-521671A1E19C}
		{8312720D-F6B3-4528-BDC9-F9F6CD17CD42} = {31045FC8-FBC1-4B86-BF14-521671A1E19C}
		{B91CE870-5FCB-4364-9400-280810641569} = {31045FC8-FBC1-4B86-BF14-521671A1E19C}
		{CD8FCA15-6D84-44AB-8BBD-DA789D0C5695} = {31045FC8-FBC1-4B86-BF14-521671A1E19C}
		{A29F30A7-BB2D-4158-A02A-9E734ECF4EE2} = {31045FC8-FBC1-4B86-BF14-521671A1E19C}
		{7899D25E-5D29-4398-9B61-FF07E0F99B82} = {31045FC8-FBC1-4B86-BF14-521671A1E19C}
		{EE5748E3-9184-410E-B7A8-E35E5F7D5284} = {31045FC8-FBC1-4B86-BF14-521671A1E19C}
		{3347650D-F90B-4678-83C3-421C5C85950E} = {31045FC8-FBC1-4B86-BF14-521671A1E19C}
		{C12D12F7-E2D2-4DA3-BA4E-2B078A5DA4AC} = {31045FC8-FBC1-4B86-BF14-521671A1E19C}
		{6D7C9BA8-243C-4B97-9770-613284851BB1} = {E0AAB91B-C6C0-43BD-A9C1-FFC60A6B8300}
		{E151DCD4-81D8-4B0E-A7B7-CD7371ABAFDF} = {E0AAB91B-C6C0-43BD-A9C1-FFC60A6B8300}
		{5116B271-8C9C-48A8-8B2E-796E8C419141} = {E0AAB91B-C6C0-43BD-A9C1-FFC60A6B8300}
		{F41B91D6-2463-49FE-9762-73AE5BF2464F} = {E0AAB91B-C6C0-43BD-A9C1-FFC60A6B8300}
	EndGlobalSection
	GlobalSection(ExtensibilityGlobals) = postSolution
		SolutionGuid = {448D59F4-CD34-4EFB-9AB0-3A34AF751B9F}
	EndGlobalSection
EndGlobal
